
Microsoft Visual Studio Solution File, Format Version 12.00
# Visual Studio Version 16
VisualStudioVersion = 16.0.30621.155
MinimumVisualStudioVersion = 10.0.40219.1
Project("{FAE04EC0-301F-11D3-BF4B-00C04F79EFBC}") = "2020_HQTCSDL", "2020_HQTCSDL\2020_HQTCSDL.csproj", "{C313114A-765C-4F7A-B015-8C4183703AD0}"
EndProject
Global
	GlobalSection(SolutionConfigurationPlatforms) = preSolution
		Debug|Any CPU = Debug|Any CPU
		Release|Any CPU = Release|Any CPU
	EndGlobalSection
	GlobalSection(ProjectConfigurationPlatforms) = postSolution
		{C313114A-765C-4F7A-B015-8C4183703AD0}.Debug|Any CPU.ActiveCfg = Debug|Any CPU
		{C313114A-765C-4F7A-B015-8C4183703AD0}.Debug|Any CPU.Build.0 = Debug|Any CPU
		{C313114A-765C-4F7A-B015-8C4183703AD0}.Release|Any CPU.ActiveCfg = Release|Any CPU
		{C313114A-765C-4F7A-B015-8C4183703AD0}.Release|Any CPU.Build.0 = Release|Any CPU
	EndGlobalSection
	GlobalSection(SolutionProperties) = preSolution
		HideSolutionNode = FALSE
	EndGlobalSection
	GlobalSection(ExtensibilityGlobals) = postSolution
		SolutionGuid = {5AA36266-3A9B-4648-91C5-0D490418FBF2}
	EndGlobalSection
EndGlobal
